
Microsoft Visual Studio Solution File, Format Version 12.00
# Visual Studio Version 17
VisualStudioVersion = 17.1.32421.90
MinimumVisualStudioVersion = 10.0.40219.1
Project("{FAE04EC0-301F-11D3-BF4B-00C04F79EFBC}") = "CotizacionEnBolsa_BlazorWASMConSignalR.Server", "CotizacionEnBolsa_BlazorWASMConSignalR\Server\CotizacionEnBolsa_BlazorWASMConSignalR.Server.csproj", "{C1832702-A343-48F8-BB52-2128F1E23C9F}"
EndProject
Project("{FAE04EC0-301F-11D3-BF4B-00C04F79EFBC}") = "CotizacionEnBolsa_BlazorWASMConSignalR.Client", "CotizacionEnBolsa_BlazorWASMConSignalR\Client\CotizacionEnBolsa_BlazorWASMConSignalR.Client.csproj", "{A50B6456-E83F-445C-B032-149565D3606C}"
EndProject
Project("{FAE04EC0-301F-11D3-BF4B-00C04F79EFBC}") = "CotizacionEnBolsa_BlazorWASMConSignalR.Shared", "CotizacionEnBolsa_BlazorWASMConSignalR\Shared\CotizacionEnBolsa_BlazorWASMConSignalR.Shared.csproj", "{1ED41648-ABA5-4AFB-AB09-B4B2FC6F2488}"
EndProject
Global
	GlobalSection(SolutionConfigurationPlatforms) = preSolution
		Debug|Any CPU = Debug|Any CPU
		Release|Any CPU = Release|Any CPU
	EndGlobalSection
	GlobalSection(ProjectConfigurationPlatforms) = postSolution
		{C1832702-A343-48F8-BB52-2128F1E23C9F}.Debug|Any CPU.ActiveCfg = Debug|Any CPU
		{C1832702-A343-48F8-BB52-2128F1E23C9F}.Debug|Any CPU.Build.0 = Debug|Any CPU
		{C1832702-A343-48F8-BB52-2128F1E23C9F}.Release|Any CPU.ActiveCfg = Release|Any CPU
		{C1832702-A343-48F8-BB52-2128F1E23C9F}.Release|Any CPU.Build.0 = Release|Any CPU
		{A50B6456-E83F-445C-B032-149565D3606C}.Debug|Any CPU.ActiveCfg = Debug|Any CPU
		{A50B6456-E83F-445C-B032-149565D3606C}.Debug|Any CPU.Build.0 = Debug|Any CPU
		{A50B6456-E83F-445C-B032-149565D3606C}.Release|Any CPU.ActiveCfg = Release|Any CPU
		{A50B6456-E83F-445C-B032-149565D3606C}.Release|Any CPU.Build.0 = Release|Any CPU
		{1ED41648-ABA5-4AFB-AB09-B4B2FC6F2488}.Debug|Any CPU.ActiveCfg = Debug|Any CPU
		{1ED41648-ABA5-4AFB-AB09-B4B2FC6F2488}.Debug|Any CPU.Build.0 = Debug|Any CPU
		{1ED41648-ABA5-4AFB-AB09-B4B2FC6F2488}.Release|Any CPU.ActiveCfg = Release|Any CPU
		{1ED41648-ABA5-4AFB-AB09-B4B2FC6F2488}.Release|Any CPU.Build.0 = Release|Any CPU
	EndGlobalSection
	GlobalSection(SolutionProperties) = preSolution
		HideSolutionNode = FALSE
	EndGlobalSection
	GlobalSection(ExtensibilityGlobals) = postSolution
		SolutionGuid = {8E9B6926-C22C-4285-BE34-9CBF37CC0181}
	EndGlobalSection
EndGlobal
